
Microsoft Visual Studio Solution File, Format Version 12.00
# Visual Studio Version 17
VisualStudioVersion = 17.0.31903.59
MinimumVisualStudioVersion = 10.0.40219.1
Project("{9A19103F-16F7-4668-BE54-9A1E7A4F7556}") = "ParticlesAPI.NET6", "ParticlesAPI.NET6\ParticlesAPI.NET6.csproj", "{7D39C999-6E82-4565-B1B9-2B498FCE700D}"
EndProject
Project("{9A19103F-16F7-4668-BE54-9A1E7A4F7556}") = "ParticlesAPI.NET5", "ParticlesAPI.NET5\ParticlesAPI.NET5.csproj", "{D6B6B331-17AE-42E2-8503-BBB825EE4AB1}"
EndProject
Global
	GlobalSection(SolutionConfigurationPlatforms) = preSolution
		Debug|Any CPU = Debug|Any CPU
		Release|Any CPU = Release|Any CPU
	EndGlobalSection
	GlobalSection(ProjectConfigurationPlatforms) = postSolution
		{7D39C999-6E82-4565-B1B9-2B498FCE700D}.Debug|Any CPU.ActiveCfg = Debug|Any CPU
		{7D39C999-6E82-4565-B1B9-2B498FCE700D}.Debug|Any CPU.Build.0 = Debug|Any CPU
		{7D39C999-6E82-4565-B1B9-2B498FCE700D}.Release|Any CPU.ActiveCfg = Release|Any CPU
		{7D39C999-6E82-4565-B1B9-2B498FCE700D}.Release|Any CPU.Build.0 = Release|Any CPU
		{D6B6B331-17AE-42E2-8503-BBB825EE4AB1}.Debug|Any CPU.ActiveCfg = Debug|Any CPU
		{D6B6B331-17AE-42E2-8503-BBB825EE4AB1}.Debug|Any CPU.Build.0 = Debug|Any CPU
		{D6B6B331-17AE-42E2-8503-BBB825EE4AB1}.Release|Any CPU.ActiveCfg = Release|Any CPU
		{D6B6B331-17AE-42E2-8503-BBB825EE4AB1}.Release|Any CPU.Build.0 = Release|Any CPU
	EndGlobalSection
	GlobalSection(SolutionProperties) = preSolution
		HideSolutionNode = FALSE
	EndGlobalSection
	GlobalSection(ExtensibilityGlobals) = postSolution
		SolutionGuid = {D97EA6FF-B111-44FA-9443-2E93F8DCDCB7}
	EndGlobalSection
EndGlobal
